
Microsoft Visual Studio Solution File, Format Version 12.00
# Visual Studio Version 17
VisualStudioVersion = 17.1.32228.430
MinimumVisualStudioVersion = 10.0.40219.1
Project("{FAE04EC0-301F-11D3-BF4B-00C04F79EFBC}") = "AFCentral1", "AFCentral1.csproj", "{D3F7BE5B-038F-495D-A8F6-B5B8B6733E8E}"
EndProject
Global
	GlobalSection(SolutionConfigurationPlatforms) = preSolution
		Debug|Any CPU = Debug|Any CPU
		Release|Any CPU = Release|Any CPU
	EndGlobalSection
	GlobalSection(ProjectConfigurationPlatforms) = postSolution
		{D3F7BE5B-038F-495D-A8F6-B5B8B6733E8E}.Debug|Any CPU.ActiveCfg = Debug|Any CPU
		{D3F7BE5B-038F-495D-A8F6-B5B8B6733E8E}.Debug|Any CPU.Build.0 = Debug|Any CPU
		{D3F7BE5B-038F-495D-A8F6-B5B8B6733E8E}.Release|Any CPU.ActiveCfg = Release|Any CPU
		{D3F7BE5B-038F-495D-A8F6-B5B8B6733E8E}.Release|Any CPU.Build.0 = Release|Any CPU
	EndGlobalSection
	GlobalSection(SolutionProperties) = preSolution
		HideSolutionNode = FALSE
	EndGlobalSection
	GlobalSection(ExtensibilityGlobals) = postSolution
		SolutionGuid = {52EDB078-3423-43E2-8176-61966171A404}
	EndGlobalSection
EndGlobal
